<?xml version="1.0" encoding="utf-8"?>
<Project ToolsVersion="4.0" xmlns="http://schemas.microsoft.com/developer/msbuild/2003">
  <ItemGroup>
    <Filter Include="资源文件">
      <UniqueIdentifier>{67DA6AB6-F800-4c08-8B7A-83BB121AAD01}</UniqueIdentifier>
      <Extensions>rc;ico;cur;bmp;dlg;rc2;rct;bin;rgs;gif;jpg;jpeg;jpe;resx;tiff;tif;png;wav;mfcribbon-ms</Extensions>
    </Filter>
    <Filter Include="api">
      <UniqueIdentifier>{b8702752-58e3-4b7f-9038-eacf033782cb}</UniqueIdentifier>
    </Filter>
    <Filter Include="helper">
      <UniqueIdentifier>{e6f92ffc-2cff-49e3-b686-5f9eea838874}</UniqueIdentifier>
    </Filter>
    <Filter Include="third_party">
      <UniqueIdentifier>{0c690eb8-e657-4a0e-8c54-44a18d0a859e}</UniqueIdentifier>
    </Filter>
    <Filter Include="third_party\convert_utf">
      <UniqueIdentifier>{91af69df-649d-4b76-a9e1-110d1a4691df}</UniqueIdentifier>
    </Filter>
    <Filter Include="util">
      <UniqueIdentifier>{933ba676-8dce-4cec-be80-741439a9fc66}</UniqueIdentifier>
    </Filter>
  </ItemGroup>
  <ItemGroup>
    <ClCompile Include="api\nim_chatroom_cpp.cpp">
      <Filter>api</Filter>
    </ClCompile>
    <ClCompile Include="helper\nim_chatroom_helper.cpp">
      <Filter>helper</Filter>
    </ClCompile>
    <ClCompile Include="nim_chatroom_cpp_api.cpp" />
    <ClCompile Include="third_party\convert_utf\convert_utf.c">
      <Filter>third_party\convert_utf</Filter>
    </ClCompile>
    <ClCompile Include="util\nim_json_util.cpp">
      <Filter>util</Filter>
    </ClCompile>
    <ClCompile Include="util\nim_sdk_util.cpp">
      <Filter>util</Filter>
    </ClCompile>
    <ClCompile Include="util\nim_string_util.cpp">
      <Filter>util</Filter>
    </ClCompile>
  </ItemGroup>
  <ItemGroup>
    <ClInclude Include="api\nim_chatroom_cpp.h">
      <Filter>api</Filter>
    </ClInclude>
    <ClInclude Include="helper\nim_chatroom_helper.h">
      <Filter>helper</Filter>
    </ClInclude>
    <ClInclude Include="nim_chatroom_cpp_api.h" />
    <ClInclude Include="third_party\convert_utf\convert_utf.h">
      <Filter>third_party\convert_utf</Filter>
    </ClInclude>
    <ClInclude Include="util\nim_json_util.h">
      <Filter>util</Filter>
    </ClInclude>
    <ClInclude Include="util\nim_sdk_util.h">
      <Filter>util</Filter>
    </ClInclude>
    <ClInclude Include="util\nim_string_util.h">
      <Filter>util</Filter>
    </ClInclude>
  </ItemGroup>
</Project>