<?xml version="1.0" encoding="utf-8"?>
<Project ToolsVersion="4.0" xmlns="http://schemas.microsoft.com/developer/msbuild/2003">
  <ItemGroup>
    <ClCompile Include="stdafx.cpp" />
    <ClCompile Include="gui\video\multi_video_form.cpp">
      <Filter>gui\video</Filter>
    </ClCompile>
    <ClCompile Include="gui\video\multi_video_invite.cpp">
      <Filter>gui\video</Filter>
    </ClCompile>
    <ClCompile Include="gui\video\record_select.cpp">
      <Filter>gui\video</Filter>
    </ClCompile>
    <ClCompile Include="gui\video\screen_capture_tool.cpp">
      <Filter>gui\video</Filter>
    </ClCompile>
    <ClCompile Include="gui\video\video_form.cpp">
      <Filter>gui\video</Filter>
    </ClCompile>
    <ClCompile Include="gui\video\video_form_ui.cpp">
      <Filter>gui\video</Filter>
    </ClCompile>
    <ClCompile Include="gui\video\video_setting.cpp">
      <Filter>gui\video</Filter>
    </ClCompile>
    <ClCompile Include="gui\video\window_select.cpp">
      <Filter>gui\video</Filter>
    </ClCompile>
    <ClCompile Include="gui\video\helper\colorbalance.cpp">
      <Filter>gui\video\helper</Filter>
    </ClCompile>
    <ClCompile Include="gui\video\helper\screen_capture.cpp">
      <Filter>gui\video\helper</Filter>
    </ClCompile>
    <ClCompile Include="gui\video\helper\smooth.cpp">
      <Filter>gui\video\helper</Filter>
    </ClCompile>
    <ClCompile Include="gui\video\helper\ui_barrage_control.cpp">
      <Filter>gui\video\helper</Filter>
    </ClCompile>
    <ClCompile Include="gui\video\helper\ui_bitmap_control.cpp">
      <Filter>gui\video\helper</Filter>
    </ClCompile>
    <ClCompile Include="gui\video\helper\yuv_image.cpp">
      <Filter>gui\video\helper</Filter>
    </ClCompile>
    <ClCompile Include="module\video\audio_frame_mng.cpp">
      <Filter>module\video</Filter>
    </ClCompile>
    <ClCompile Include="module\video\video_frame_mng.cpp">
      <Filter>module\video</Filter>
    </ClCompile>
    <ClCompile Include="module\video\video_manager.cpp">
      <Filter>module\video</Filter>
    </ClCompile>
    <ClCompile Include="callback\vchat\vchat_callback.cpp">
      <Filter>callback\vchat</Filter>
    </ClCompile>
    <ClCompile Include="gui\local_video_player\local_video_player_form.cpp">
      <Filter>gui\local_video_player</Filter>
    </ClCompile>
    <ClCompile Include="gui\local_video_player\local_video_player_form_ui.cpp">
      <Filter>gui\local_video_player</Filter>
    </ClCompile>
    <ClCompile Include="gui\local_video_player\controls\ui_video_player_bitmap_control.cpp">
      <Filter>gui\local_video_player\controls</Filter>
    </ClCompile>
  </ItemGroup>
  <ItemGroup>
    <ClInclude Include="stdafx.h" />
    <ClInclude Include="targetver.h" />
    <ClInclude Include="gui\video\multi_video_form.h">
      <Filter>gui\video</Filter>
    </ClInclude>
    <ClInclude Include="gui\video\multi_video_invite.h">
      <Filter>gui\video</Filter>
    </ClInclude>
    <ClInclude Include="gui\video\record_select.h">
      <Filter>gui\video</Filter>
    </ClInclude>
    <ClInclude Include="gui\video\screen_capture_tool.h">
      <Filter>gui\video</Filter>
    </ClInclude>
    <ClInclude Include="gui\video\video_form.h">
      <Filter>gui\video</Filter>
    </ClInclude>
    <ClInclude Include="gui\video\video_setting.h">
      <Filter>gui\video</Filter>
    </ClInclude>
    <ClInclude Include="gui\video\window_select.h">
      <Filter>gui\video</Filter>
    </ClInclude>
    <ClInclude Include="gui\video\helper\colorbalance.h">
      <Filter>gui\video\helper</Filter>
    </ClInclude>
    <ClInclude Include="gui\video\helper\screen_capture.h">
      <Filter>gui\video\helper</Filter>
    </ClInclude>
    <ClInclude Include="gui\video\helper\smooth.h">
      <Filter>gui\video\helper</Filter>
    </ClInclude>
    <ClInclude Include="gui\video\helper\ui_barrage_control.h">
      <Filter>gui\video\helper</Filter>
    </ClInclude>
    <ClInclude Include="gui\video\helper\ui_bitmap_control.h">
      <Filter>gui\video\helper</Filter>
    </ClInclude>
    <ClInclude Include="gui\video\helper\yuv_image.h">
      <Filter>gui\video\helper</Filter>
    </ClInclude>
    <ClInclude Include="module\video\audio_frame_mng.h">
      <Filter>module\video</Filter>
    </ClInclude>
    <ClInclude Include="module\video\video_frame_mng.h">
      <Filter>module\video</Filter>
    </ClInclude>
    <ClInclude Include="module\video\video_manager.h">
      <Filter>module\video</Filter>
    </ClInclude>
    <ClInclude Include="callback\vchat\vchat_callback.h">
      <Filter>callback\vchat</Filter>
    </ClInclude>
    <ClInclude Include="gui\local_video_player\local_video_player_form.h">
      <Filter>gui\local_video_player</Filter>
    </ClInclude>
    <ClInclude Include="gui\local_video_player\controls\ui_video_player_bitmap_control.h">
      <Filter>gui\local_video_player\controls</Filter>
    </ClInclude>
  </ItemGroup>
  <ItemGroup>
    <Text Include="ReadMe.txt" />
  </ItemGroup>
  <ItemGroup>
    <Filter Include="callback">
      <UniqueIdentifier>{d236633f-6a21-4b5b-b000-730f457fb02d}</UniqueIdentifier>
    </Filter>
    <Filter Include="gui">
      <UniqueIdentifier>{99cee0b6-c92f-4a45-adf2-3d23ccec3d65}</UniqueIdentifier>
    </Filter>
    <Filter Include="gui\video">
      <UniqueIdentifier>{21814d96-c691-44b2-a807-f8e5f502f636}</UniqueIdentifier>
    </Filter>
    <Filter Include="gui\video\helper">
      <UniqueIdentifier>{f5b0f4f9-1164-4ba6-9217-62878208472b}</UniqueIdentifier>
    </Filter>
    <Filter Include="module">
      <UniqueIdentifier>{ac4351ab-c2ce-4026-b2c5-a162ca723dbf}</UniqueIdentifier>
    </Filter>
    <Filter Include="module\video">
      <UniqueIdentifier>{80ac0b33-d9cd-414f-9b16-21f788bf6dd7}</UniqueIdentifier>
    </Filter>
    <Filter Include="callback\vchat">
      <UniqueIdentifier>{0b3d428f-49bc-4a0f-aafe-b5ced5a97144}</UniqueIdentifier>
    </Filter>
    <Filter Include="gui\local_video_player">
      <UniqueIdentifier>{e0a3d3c6-d72d-4361-b8ba-ebf45e16665a}</UniqueIdentifier>
    </Filter>
    <Filter Include="gui\local_video_player\controls">
      <UniqueIdentifier>{d61a44ec-7cf9-4cac-8f5e-33ad73978752}</UniqueIdentifier>
    </Filter>
  </ItemGroup>
</Project>