<?xml version="1.0" encoding="utf-8"?>
<Project ToolsVersion="4.0" xmlns="http://schemas.microsoft.com/developer/msbuild/2003">
  <ItemGroup>
    <Filter Include="源文件">
      <UniqueIdentifier>{4FC737F1-C7A5-4376-A066-2A32D752A2FF}</UniqueIdentifier>
      <Extensions>cpp;c;cc;cxx;def;odl;idl;hpj;bat;asm;asmx</Extensions>
    </Filter>
    <Filter Include="头文件">
      <UniqueIdentifier>{93995380-89BD-4b04-88EB-625FBE52EBFB}</UniqueIdentifier>
      <Extensions>h;hh;hpp;hxx;hm;inl;inc;xsd</Extensions>
    </Filter>
    <Filter Include="资源文件">
      <UniqueIdentifier>{67DA6AB6-F800-4c08-8B7A-83BB121AAD01}</UniqueIdentifier>
      <Extensions>rc;ico;cur;bmp;dlg;rc2;rct;bin;rgs;gif;jpg;jpeg;jpe;resx;tiff;tif;png;wav;mfcribbon-ms</Extensions>
    </Filter>
    <Filter Include="app">
      <UniqueIdentifier>{e80cad2e-0505-467e-80f8-7ad9c519ebca}</UniqueIdentifier>
    </Filter>
    <Filter Include="app\js_handler">
      <UniqueIdentifier>{d3970e6e-5491-416d-bb5d-3c33f52708cb}</UniqueIdentifier>
    </Filter>
    <Filter Include="js_bridge">
      <UniqueIdentifier>{9af12ac9-230f-4bc0-bbd9-73867d1e51a5}</UniqueIdentifier>
    </Filter>
  </ItemGroup>
  <ItemGroup>
    <ClInclude Include="stdafx.h">
      <Filter>头文件</Filter>
    </ClInclude>
    <ClInclude Include="Resource.h">
      <Filter>头文件</Filter>
    </ClInclude>
    <ClInclude Include="client_app.h">
      <Filter>app</Filter>
    </ClInclude>
    <ClInclude Include="util.h">
      <Filter>头文件</Filter>
    </ClInclude>
    <ClInclude Include="js_handler.h">
      <Filter>app\js_handler</Filter>
    </ClInclude>
    <ClInclude Include="..\cef_module\js_bridge\cef_js_bridge.h">
      <Filter>js_bridge</Filter>
    </ClInclude>
    <ClInclude Include="..\cef_module\js_bridge\ipc_string_define.h">
      <Filter>js_bridge</Filter>
    </ClInclude>
  </ItemGroup>
  <ItemGroup>
    <ClCompile Include="stdafx.cpp">
      <Filter>源文件</Filter>
    </ClCompile>
    <ClCompile Include="client_app_render.cpp">
      <Filter>app</Filter>
    </ClCompile>
    <ClCompile Include="main.cpp">
      <Filter>源文件</Filter>
    </ClCompile>
    <ClCompile Include="client_app.cpp">
      <Filter>app</Filter>
    </ClCompile>
    <ClCompile Include="js_handler.cpp">
      <Filter>app\js_handler</Filter>
    </ClCompile>
    <ClCompile Include="..\cef_module\js_bridge\cef_js_bridge.cpp">
      <Filter>js_bridge</Filter>
    </ClCompile>
  </ItemGroup>
  <ItemGroup>
    <ResourceCompile Include="cef_render.rc">
      <Filter>资源文件</Filter>
    </ResourceCompile>
  </ItemGroup>
  <ItemGroup>
    <Image Include="cef_render.ico">
      <Filter>资源文件</Filter>
    </Image>
  </ItemGroup>
</Project>