
Microsoft Visual Studio Solution File, Format Version 12.00
# Visual Studio 15
VisualStudioVersion = 15.0.28307.572
MinimumVisualStudioVersion = 10.0.40219.1
Project("{8BC9CEB8-8B4A-11D0-8D11-00A0C91BC942}") = "cpp_wrapper_util_md", "src\cpp_wrapper_util\cpp_wrapper_util_md.vcxproj", "{20F2845C-A2C7-42A2-99F9-52AE69BD6976}"
EndProject
Global
	GlobalSection(SolutionConfigurationPlatforms) = preSolution
		Debug|x64 = Debug|x64
		Debug|x86 = Debug|x86
		Release|x64 = Release|x64
		Release|x86 = Release|x86
	EndGlobalSection
	GlobalSection(ProjectConfigurationPlatforms) = postSolution
		{20F2845C-A2C7-42A2-99F9-52AE69BD6976}.Debug|x64.ActiveCfg = Debug|x64
		{20F2845C-A2C7-42A2-99F9-52AE69BD6976}.Debug|x64.Build.0 = Debug|x64
		{20F2845C-A2C7-42A2-99F9-52AE69BD6976}.Debug|x86.ActiveCfg = Debug|Win32
		{20F2845C-A2C7-42A2-99F9-52AE69BD6976}.Debug|x86.Build.0 = Debug|Win32
		{20F2845C-A2C7-42A2-99F9-52AE69BD6976}.Release|x64.ActiveCfg = Release|x64
		{20F2845C-A2C7-42A2-99F9-52AE69BD6976}.Release|x64.Build.0 = Release|x64
		{20F2845C-A2C7-42A2-99F9-52AE69BD6976}.Release|x86.ActiveCfg = Release|Win32
		{20F2845C-A2C7-42A2-99F9-52AE69BD6976}.Release|x86.Build.0 = Release|Win32
	EndGlobalSection
	GlobalSection(SolutionProperties) = preSolution
		HideSolutionNode = FALSE
	EndGlobalSection
	GlobalSection(ExtensibilityGlobals) = postSolution
		SolutionGuid = {08EDB91A-EC00-43C5-9E5F-9B05475F2635}
	EndGlobalSection
EndGlobal
