<?xml version="1.0" encoding="utf-8"?>
<Project ToolsVersion="4.0" xmlns="http://schemas.microsoft.com/developer/msbuild/2003">
  <ItemGroup>
    <Filter Include="资源文件">
      <UniqueIdentifier>{67DA6AB6-F800-4c08-8B7A-83BB121AAD01}</UniqueIdentifier>
      <Extensions>rc;ico;cur;bmp;dlg;rc2;rct;bin;rgs;gif;jpg;jpeg;jpe;resx;tiff;tif;png;wav;mfcribbon-ms</Extensions>
    </Filter>
    <Filter Include="api">
      <UniqueIdentifier>{b8702752-58e3-4b7f-9038-eacf033782cb}</UniqueIdentifier>
    </Filter>
    <Filter Include="helper">
      <UniqueIdentifier>{e6f92ffc-2cff-49e3-b686-5f9eea838874}</UniqueIdentifier>
    </Filter>
    <Filter Include="third_party">
      <UniqueIdentifier>{af7f6599-946d-452c-ac8a-adb7e28e0e99}</UniqueIdentifier>
    </Filter>
    <Filter Include="third_party\convert_utf">
      <UniqueIdentifier>{daa88381-673e-4107-a475-2e208bf65653}</UniqueIdentifier>
    </Filter>
    <Filter Include="util">
      <UniqueIdentifier>{2f2e03d0-e2b2-41fb-a66c-cae5944d3d2e}</UniqueIdentifier>
    </Filter>
  </ItemGroup>
  <ItemGroup>
    <ClCompile Include="helper\nim_client_helper.cpp">
      <Filter>helper</Filter>
    </ClCompile>
    <ClCompile Include="helper\nim_file_helper.cpp">
      <Filter>helper</Filter>
    </ClCompile>
    <ClCompile Include="api\nim_cpp_client.cpp">
      <Filter>api</Filter>
    </ClCompile>
    <ClCompile Include="api\nim_cpp_tool.cpp">
      <Filter>api</Filter>
    </ClCompile>
    <ClCompile Include="helper\nim_tool_helper.cpp">
      <Filter>helper</Filter>
    </ClCompile>
    <ClCompile Include="api\nim_cpp_global.cpp">
      <Filter>api</Filter>
    </ClCompile>
    <ClCompile Include="api\nim_cpp_msglog.cpp">
      <Filter>api</Filter>
    </ClCompile>
    <ClCompile Include="api\nim_cpp_session.cpp">
      <Filter>api</Filter>
    </ClCompile>
    <ClCompile Include="api\nim_cpp_sysmsg.cpp">
      <Filter>api</Filter>
    </ClCompile>
    <ClCompile Include="api\nim_cpp_data_sync.cpp">
      <Filter>api</Filter>
    </ClCompile>
    <ClCompile Include="api\nim_cpp_team.cpp">
      <Filter>api</Filter>
    </ClCompile>
    <ClCompile Include="helper\nim_team_helper.cpp">
      <Filter>helper</Filter>
    </ClCompile>
    <ClCompile Include="api\nim_cpp_talk.cpp">
      <Filter>api</Filter>
    </ClCompile>
    <ClCompile Include="helper\nim_talk_helper.cpp">
      <Filter>helper</Filter>
    </ClCompile>
    <ClCompile Include="helper\nim_sysmsg_helper.cpp">
      <Filter>helper</Filter>
    </ClCompile>
    <ClCompile Include="helper\nim_friend_helper.cpp">
      <Filter>helper</Filter>
    </ClCompile>
    <ClCompile Include="helper\nim_user_helper.cpp">
      <Filter>helper</Filter>
    </ClCompile>
    <ClCompile Include="helper\nim_msg_helper.cpp">
      <Filter>helper</Filter>
    </ClCompile>
    <ClCompile Include="api\nim_cpp_friend.cpp">
      <Filter>api</Filter>
    </ClCompile>
    <ClCompile Include="api\nim_cpp_user.cpp">
      <Filter>api</Filter>
    </ClCompile>
    <ClCompile Include="api\nim_cpp_nos.cpp">
      <Filter>api</Filter>
    </ClCompile>
    <ClCompile Include="api\nim_cpp_rts.cpp">
      <Filter>api</Filter>
    </ClCompile>
    <ClCompile Include="api\nim_cpp_vchat.cpp">
      <Filter>api</Filter>
    </ClCompile>
    <ClCompile Include="helper\nim_msglog_helper.cpp">
      <Filter>helper</Filter>
    </ClCompile>
    <ClCompile Include="helper\nim_session_helper.cpp">
      <Filter>helper</Filter>
    </ClCompile>
    <ClCompile Include="api\nim_cpp_plugin_in.cpp">
      <Filter>api</Filter>
    </ClCompile>
    <ClCompile Include="nim_cpp_api.cpp" />
    <ClCompile Include="third_party\convert_utf\convert_utf.c">
      <Filter>third_party\convert_utf</Filter>
    </ClCompile>
    <ClCompile Include="util\nim_json_util.cpp">
      <Filter>util</Filter>
    </ClCompile>
    <ClCompile Include="util\nim_sdk_util.cpp">
      <Filter>util</Filter>
    </ClCompile>
    <ClCompile Include="util\nim_string_util.cpp">
      <Filter>util</Filter>
    </ClCompile>
    <ClCompile Include="helper\nim_nos_helper.cpp">
      <Filter>helper</Filter>
    </ClCompile>
  </ItemGroup>
  <ItemGroup>
    <ClInclude Include="helper\nim_client_helper.h">
      <Filter>helper</Filter>
    </ClInclude>
    <ClInclude Include="helper\nim_file_helper.h">
      <Filter>helper</Filter>
    </ClInclude>
    <ClInclude Include="api\nim_cpp_client.h">
      <Filter>api</Filter>
    </ClInclude>
    <ClInclude Include="api\nim_cpp_tool.h">
      <Filter>api</Filter>
    </ClInclude>
    <ClInclude Include="helper\nim_tool_helper.h">
      <Filter>helper</Filter>
    </ClInclude>
    <ClInclude Include="api\nim_cpp_global.h">
      <Filter>api</Filter>
    </ClInclude>
    <ClInclude Include="api\nim_cpp_msglog.h">
      <Filter>api</Filter>
    </ClInclude>
    <ClInclude Include="api\nim_cpp_session.h">
      <Filter>api</Filter>
    </ClInclude>
    <ClInclude Include="api\nim_cpp_sysmsg.h">
      <Filter>api</Filter>
    </ClInclude>
    <ClInclude Include="api\nim_cpp_data_sync.h">
      <Filter>api</Filter>
    </ClInclude>
    <ClInclude Include="api\nim_cpp_team.h">
      <Filter>api</Filter>
    </ClInclude>
    <ClInclude Include="helper\nim_team_helper.h">
      <Filter>helper</Filter>
    </ClInclude>
    <ClInclude Include="api\nim_cpp_talk.h">
      <Filter>api</Filter>
    </ClInclude>
    <ClInclude Include="helper\nim_talk_helper.h">
      <Filter>helper</Filter>
    </ClInclude>
    <ClInclude Include="helper\nim_sysmsg_helper.h">
      <Filter>helper</Filter>
    </ClInclude>
    <ClInclude Include="helper\nim_friend_helper.h">
      <Filter>helper</Filter>
    </ClInclude>
    <ClInclude Include="helper\nim_user_helper.h">
      <Filter>helper</Filter>
    </ClInclude>
    <ClInclude Include="helper\nim_msg_helper.h">
      <Filter>helper</Filter>
    </ClInclude>
    <ClInclude Include="api\nim_cpp_friend.h">
      <Filter>api</Filter>
    </ClInclude>
    <ClInclude Include="api\nim_cpp_user.h">
      <Filter>api</Filter>
    </ClInclude>
    <ClInclude Include="api\nim_cpp_nos.h">
      <Filter>api</Filter>
    </ClInclude>
    <ClInclude Include="api\nim_cpp_rts.h">
      <Filter>api</Filter>
    </ClInclude>
    <ClInclude Include="api\nim_cpp_vchat.h">
      <Filter>api</Filter>
    </ClInclude>
    <ClInclude Include="nim_cpp_api.h" />
    <ClInclude Include="helper\nim_msglog_helper.h">
      <Filter>helper</Filter>
    </ClInclude>
    <ClInclude Include="helper\nim_session_helper.h">
      <Filter>helper</Filter>
    </ClInclude>
    <ClInclude Include="api\nim_cpp_plugin_in.h">
      <Filter>api</Filter>
    </ClInclude>
    <ClInclude Include="third_party\convert_utf\convert_utf.h">
      <Filter>third_party\convert_utf</Filter>
    </ClInclude>
    <ClInclude Include="util\nim_json_util.h">
      <Filter>util</Filter>
    </ClInclude>
    <ClInclude Include="util\nim_sdk_util.h">
      <Filter>util</Filter>
    </ClInclude>
    <ClInclude Include="util\nim_string_util.h">
      <Filter>util</Filter>
    </ClInclude>
    <ClInclude Include="helper\nim_nos_helper.h">
      <Filter>helper</Filter>
    </ClInclude>
  </ItemGroup>
</Project>