<?xml version="1.0" encoding="utf-8"?>
<Project ToolsVersion="4.0" xmlns="http://schemas.microsoft.com/developer/msbuild/2003">
  <ItemGroup>
    <Filter Include="源文件">
      <UniqueIdentifier>{4FC737F1-C7A5-4376-A066-2A32D752A2FF}</UniqueIdentifier>
      <Extensions>cpp;c;cc;cxx;def;odl;idl;hpj;bat;asm;asmx</Extensions>
    </Filter>
    <Filter Include="头文件">
      <UniqueIdentifier>{93995380-89BD-4b04-88EB-625FBE52EBFB}</UniqueIdentifier>
      <Extensions>h;hpp;hxx;hm;inl;inc;xsd</Extensions>
    </Filter>
    <Filter Include="资源文件">
      <UniqueIdentifier>{67DA6AB6-F800-4c08-8B7A-83BB121AAD01}</UniqueIdentifier>
      <Extensions>rc;ico;cur;bmp;dlg;rc2;rct;bin;rgs;gif;jpg;jpeg;jpe;resx;tiff;tif;png;wav;mfcribbon-ms</Extensions>
    </Filter>
    <Filter Include="gui">
      <UniqueIdentifier>{33f959ea-79a0-448b-84c5-9d84e5eff501}</UniqueIdentifier>
    </Filter>
    <Filter Include="module">
      <UniqueIdentifier>{d4519b2b-950e-477e-a409-55248f84fb0c}</UniqueIdentifier>
    </Filter>
    <Filter Include="gui\login">
      <UniqueIdentifier>{b85c2e25-72a3-46d2-82f5-68b570f93161}</UniqueIdentifier>
    </Filter>
    <Filter Include="gui\main">
      <UniqueIdentifier>{c72b4055-5ac1-46ba-b4f8-b7bee8596c67}</UniqueIdentifier>
    </Filter>
    <Filter Include="module\thread">
      <UniqueIdentifier>{8a938a2f-668c-4e6c-9e73-758d8654a98a}</UniqueIdentifier>
    </Filter>
    <Filter Include="gui\tray_icon">
      <UniqueIdentifier>{65aadb80-99ba-4cee-97b6-1fcd64cce3c0}</UniqueIdentifier>
    </Filter>
    <Filter Include="gui\about">
      <UniqueIdentifier>{96847902-9791-4fd4-bc1e-eb2ea2b911e7}</UniqueIdentifier>
    </Filter>
    <Filter Include="gui\msglogmanage">
      <UniqueIdentifier>{dcffa305-ee46-4eda-9cca-45a7c8b62061}</UniqueIdentifier>
    </Filter>
    <Filter Include="module\tools_sdk">
      <UniqueIdentifier>{bdaa436e-9ea8-49a0-adb3-2f6168bd0309}</UniqueIdentifier>
    </Filter>
    <Filter Include="gui\proxy">
      <UniqueIdentifier>{39fa7758-b404-43e9-9bf1-05d629b60d37}</UniqueIdentifier>
    </Filter>
    <Filter Include="gui\cef">
      <UniqueIdentifier>{517d0f08-a058-4971-8255-4749bdc53294}</UniqueIdentifier>
    </Filter>
    <Filter Include="module\config">
      <UniqueIdentifier>{4ddd863d-2e74-436b-8ec2-427454fa773d}</UniqueIdentifier>
    </Filter>
    <Filter Include="module\db">
      <UniqueIdentifier>{202a8a44-0416-40ea-be5f-960bdbf83438}</UniqueIdentifier>
    </Filter>
    <Filter Include="gui\extern_ctrl">
      <UniqueIdentifier>{f1d2971e-68f7-4b74-937c-4ab66de94d43}</UniqueIdentifier>
    </Filter>
    <Filter Include="gui\extern_ctrl\richedit_with_defmenu">
      <UniqueIdentifier>{084c007a-1c0a-4235-9b93-e0826ba1c6bd}</UniqueIdentifier>
    </Filter>
    <Filter Include="gui\testgif">
      <UniqueIdentifier>{02af4b0d-bdce-460c-9f59-52cb9b43f967}</UniqueIdentifier>
    </Filter>
    <Filter Include="gui\plugins">
      <UniqueIdentifier>{faf7f74b-2d48-440b-9561-b5e6d5d64bda}</UniqueIdentifier>
    </Filter>
    <Filter Include="gui\extern_ctrl\treectrl">
      <UniqueIdentifier>{ed0a60ff-0940-407b-a034-ef57a4dc45ea}</UniqueIdentifier>
    </Filter>
    <Filter Include="gui\plugins\addresbook_plugin">
      <UniqueIdentifier>{35387c85-4e45-4612-967c-5a0db0b3147a}</UniqueIdentifier>
    </Filter>
  </ItemGroup>
  <ItemGroup>
    <ClInclude Include="gui\login\login_form.h">
      <Filter>gui\login</Filter>
    </ClInclude>
    <ClInclude Include="gui\main\main_form.h">
      <Filter>gui\main</Filter>
    </ClInclude>
    <ClInclude Include="stdafx.h">
      <Filter>头文件</Filter>
    </ClInclude>
    <ClInclude Include="app_dump.h">
      <Filter>源文件</Filter>
    </ClInclude>
    <ClInclude Include="main.h">
      <Filter>源文件</Filter>
    </ClInclude>
    <ClInclude Include="module\thread\misc_thread.h">
      <Filter>module\thread</Filter>
    </ClInclude>
    <ClInclude Include="resource.h">
      <Filter>头文件</Filter>
    </ClInclude>
    <ClInclude Include="module\thread\db_thread.h">
      <Filter>module\thread</Filter>
    </ClInclude>
    <ClInclude Include="gui\tray_icon\tray_icon.h">
      <Filter>gui\tray_icon</Filter>
    </ClInclude>
    <ClInclude Include="gui\about\about_form.h">
      <Filter>gui\about</Filter>
    </ClInclude>
    <ClInclude Include="gui\msglogmanage\msglog_manage_form.h">
      <Filter>gui\msglogmanage</Filter>
    </ClInclude>
    <ClInclude Include="gui\proxy\proxy_form.h">
      <Filter>gui\proxy</Filter>
    </ClInclude>
    <ClInclude Include="..\libs\nim_sdk_desktop\nim_tools_cpp_sdk\nim_audio_cpp\nim_audio_cpp.h">
      <Filter>module\tools_sdk</Filter>
    </ClInclude>
    <ClInclude Include="gui\cef\cef_form.h">
      <Filter>gui\cef</Filter>
    </ClInclude>
    <ClInclude Include="..\libs\nim_sdk_desktop\nim_tools_cpp_sdk\nim_http_cpp\nim_tools_http_cpp.h">
      <Filter>module\tools_sdk</Filter>
    </ClInclude>
    <ClInclude Include="gui\cef\cef_native_form.h">
      <Filter>gui\cef</Filter>
    </ClInclude>
    <ClInclude Include="module\config\config_helper.h">
      <Filter>module\config</Filter>
    </ClInclude>
    <ClInclude Include="module\db\public_db.h">
      <Filter>module\db</Filter>
    </ClInclude>
    <ClInclude Include="gui\extern_ctrl\extern_ctrl_manager.h">
      <Filter>gui\extern_ctrl</Filter>
    </ClInclude>
    <ClInclude Include="gui\extern_ctrl\richedit_with_defmenu.h">
      <Filter>gui\extern_ctrl\richedit_with_defmenu</Filter>
    </ClInclude>
    <ClInclude Include="gui\extern_ctrl\richedit_with_defmenu_btnimp.h">
      <Filter>gui\extern_ctrl\richedit_with_defmenu</Filter>
    </ClInclude>
    <ClInclude Include="gui\test_gif\test_gif_form.h">
      <Filter>gui\testgif</Filter>
    </ClInclude>
    <ClInclude Include="gui\main\main_form_menu.h">
      <Filter>gui\main</Filter>
    </ClInclude>
    <ClInclude Include="gui\plugins\chatroom_plugin.h">
      <Filter>gui\plugins</Filter>
    </ClInclude>
    <ClInclude Include="gui\plugins\cef_test_plugin.h">
      <Filter>gui\plugins</Filter>
    </ClInclude>
    <ClInclude Include="gui\cef\cef_tip.h">
      <Filter>gui\cef</Filter>
    </ClInclude>
    <ClInclude Include="gui\plugins\gif_test_plugin.h">
      <Filter>gui\plugins</Filter>
    </ClInclude>
    <ClInclude Include="gui\extern_ctrl\treectrl\treectrl_interface.h">
      <Filter>gui\extern_ctrl\treectrl</Filter>
    </ClInclude>
    <ClInclude Include="gui\extern_ctrl\treectrl\treedoc.h">
      <Filter>gui\extern_ctrl\treectrl</Filter>
    </ClInclude>
    <ClInclude Include="gui\extern_ctrl\treectrl\treeitem.h">
      <Filter>gui\extern_ctrl\treectrl</Filter>
    </ClInclude>
    <ClInclude Include="gui\extern_ctrl\treectrl\treeitem_uistyle.h">
      <Filter>gui\extern_ctrl\treectrl</Filter>
    </ClInclude>
    <ClInclude Include="gui\extern_ctrl\treectrl\treeview.h">
      <Filter>gui\extern_ctrl\treectrl</Filter>
    </ClInclude>
    <ClInclude Include="gui\plugins\addresbook_plugin\addresbook_plugin.h">
      <Filter>gui\plugins\addresbook_plugin</Filter>
    </ClInclude>
    <ClInclude Include="gui\plugins\addresbook_plugin\addresbook_plugin_page.h">
      <Filter>gui\plugins\addresbook_plugin</Filter>
    </ClInclude>
    <ClInclude Include="gui\plugins\addresbook_plugin\mytree.h">
      <Filter>gui\plugins\addresbook_plugin</Filter>
    </ClInclude>
    <ClInclude Include="gui\plugins\addresbook_plugin\contact_profile_tip.h">
      <Filter>gui\plugins\addresbook_plugin</Filter>
    </ClInclude>
  </ItemGroup>
  <ItemGroup>
    <ClCompile Include="main.cpp">
      <Filter>源文件</Filter>
    </ClCompile>
    <ClCompile Include="gui\login\login_form.cpp">
      <Filter>gui\login</Filter>
    </ClCompile>
    <ClCompile Include="gui\login\login_form_ui.cpp">
      <Filter>gui\login</Filter>
    </ClCompile>
    <ClCompile Include="gui\main\main_form.cpp">
      <Filter>gui\main</Filter>
    </ClCompile>
    <ClCompile Include="gui\main\main_form_ui.cpp">
      <Filter>gui\main</Filter>
    </ClCompile>
    <ClCompile Include="module\thread\misc_thread.cpp">
      <Filter>module\thread</Filter>
    </ClCompile>
    <ClCompile Include="module\thread\db_thread.cpp">
      <Filter>module\thread</Filter>
    </ClCompile>
    <ClCompile Include="stdafx.cpp">
      <Filter>源文件</Filter>
    </ClCompile>
    <ClCompile Include="gui\tray_icon\tray_icon.cpp">
      <Filter>gui\tray_icon</Filter>
    </ClCompile>
    <ClCompile Include="gui\about\about_form.cpp">
      <Filter>gui\about</Filter>
    </ClCompile>
    <ClCompile Include="gui\msglogmanage\msglog_manage_form.cpp">
      <Filter>gui\msglogmanage</Filter>
    </ClCompile>
    <ClCompile Include="gui\proxy\proxy_form.cpp">
      <Filter>gui\proxy</Filter>
    </ClCompile>
    <ClCompile Include="..\libs\nim_sdk_desktop\nim_tools_cpp_sdk\nim_audio_cpp\nim_audio_cpp.cpp">
      <Filter>module\tools_sdk</Filter>
    </ClCompile>
    <ClCompile Include="gui\cef\cef_form.cpp">
      <Filter>gui\cef</Filter>
    </ClCompile>
    <ClCompile Include="..\libs\nim_sdk_desktop\nim_tools_cpp_sdk\nim_http_cpp\nim_tools_http_cpp.cpp">
      <Filter>module\tools_sdk</Filter>
    </ClCompile>
    <ClCompile Include="gui\cef\cef_native_form.cpp">
      <Filter>gui\cef</Filter>
    </ClCompile>
    <ClCompile Include="module\config\config_helper.cpp">
      <Filter>module\config</Filter>
    </ClCompile>
    <ClCompile Include="module\db\public_db.cpp">
      <Filter>module\db</Filter>
    </ClCompile>
    <ClCompile Include="gui\extern_ctrl\extern_ctrl_manager.cpp">
      <Filter>gui\extern_ctrl</Filter>
    </ClCompile>
    <ClCompile Include="gui\extern_ctrl\richedit_with_defmenu.cpp">
      <Filter>gui\extern_ctrl\richedit_with_defmenu</Filter>
    </ClCompile>
    <ClCompile Include="gui\extern_ctrl\richedit_with_defmenu_btnimp.cpp">
      <Filter>gui\extern_ctrl\richedit_with_defmenu</Filter>
    </ClCompile>
    <ClCompile Include="gui\test_gif\test_gif_form.cpp">
      <Filter>gui\testgif</Filter>
    </ClCompile>
    <ClCompile Include="gui\main\main_form_menu.cpp">
      <Filter>gui\main</Filter>
    </ClCompile>
    <ClCompile Include="gui\cef\cef_tip.cpp">
      <Filter>gui\cef</Filter>
    </ClCompile>
    <ClCompile Include="gui\extern_ctrl\treectrl\treedoc.cpp">
      <Filter>gui\extern_ctrl\treectrl</Filter>
    </ClCompile>
    <ClCompile Include="gui\extern_ctrl\treectrl\treeitem.cpp">
      <Filter>gui\extern_ctrl\treectrl</Filter>
    </ClCompile>
    <ClCompile Include="gui\extern_ctrl\treectrl\treeitem_uistyle.cpp">
      <Filter>gui\extern_ctrl\treectrl</Filter>
    </ClCompile>
    <ClCompile Include="gui\extern_ctrl\treectrl\treeview.cpp">
      <Filter>gui\extern_ctrl\treectrl</Filter>
    </ClCompile>
    <ClCompile Include="gui\plugins\addresbook_plugin\addresbook_plugin.cpp">
      <Filter>gui\plugins\addresbook_plugin</Filter>
    </ClCompile>
    <ClCompile Include="gui\plugins\addresbook_plugin\addresbook_plugin_page.cpp">
      <Filter>gui\plugins\addresbook_plugin</Filter>
    </ClCompile>
    <ClCompile Include="gui\plugins\addresbook_plugin\mytree.cpp">
      <Filter>gui\plugins\addresbook_plugin</Filter>
    </ClCompile>
  </ItemGroup>
  <ItemGroup>
    <None Include="nim.ico">
      <Filter>资源文件</Filter>
    </None>
  </ItemGroup>
  <ItemGroup>
    <ResourceCompile Include="nim.rc">
      <Filter>资源文件</Filter>
    </ResourceCompile>
  </ItemGroup>
</Project>