<?xml version="1.0" encoding="utf-8"?>
<Project ToolsVersion="4.0" xmlns="http://schemas.microsoft.com/developer/msbuild/2003">
  <ItemGroup>
    <Filter Include="源文件">
      <UniqueIdentifier>{4FC737F1-C7A5-4376-A066-2A32D752A2FF}</UniqueIdentifier>
      <Extensions>cpp;c;cc;cxx;def;odl;idl;hpj;bat;asm;asmx</Extensions>
    </Filter>
    <Filter Include="头文件">
      <UniqueIdentifier>{93995380-89BD-4b04-88EB-625FBE52EBFB}</UniqueIdentifier>
      <Extensions>h;hh;hpp;hxx;hm;inl;inc;xsd</Extensions>
    </Filter>
    <Filter Include="资源文件">
      <UniqueIdentifier>{67DA6AB6-F800-4c08-8B7A-83BB121AAD01}</UniqueIdentifier>
      <Extensions>rc;ico;cur;bmp;dlg;rc2;rct;bin;rgs;gif;jpg;jpeg;jpe;resx;tiff;tif;png;wav;mfcribbon-ms</Extensions>
    </Filter>
    <Filter Include="gui">
      <UniqueIdentifier>{c3ed4805-b815-47a8-9513-dc627a7267ea}</UniqueIdentifier>
    </Filter>
    <Filter Include="module">
      <UniqueIdentifier>{f5693f35-41c5-405f-9358-04a3422ac5e8}</UniqueIdentifier>
    </Filter>
    <Filter Include="callback">
      <UniqueIdentifier>{031791d0-81ba-4bfb-a323-959611622a27}</UniqueIdentifier>
    </Filter>
  </ItemGroup>
  <ItemGroup>
    <ClInclude Include="stdafx.h">
      <Filter>头文件</Filter>
    </ClInclude>
    <ClInclude Include="targetver.h">
      <Filter>头文件</Filter>
    </ClInclude>
    <ClInclude Include="gui\chatroom_form.h">
      <Filter>gui</Filter>
    </ClInclude>
    <ClInclude Include="gui\chatroom_frontpage.h">
      <Filter>gui</Filter>
    </ClInclude>
    <ClInclude Include="callback\chatroom_callback.h">
      <Filter>callback</Filter>
    </ClInclude>
    <ClInclude Include="gui\personal_center.h">
      <Filter>gui</Filter>
    </ClInclude>
  </ItemGroup>
  <ItemGroup>
    <ClCompile Include="stdafx.cpp">
      <Filter>源文件</Filter>
    </ClCompile>
    <ClCompile Include="gui\chatroom_frontpage.cpp">
      <Filter>gui</Filter>
    </ClCompile>
    <ClCompile Include="gui\personal_center.cpp">
      <Filter>gui</Filter>
    </ClCompile>
    <ClCompile Include="callback\chatroom_callback.cpp">
      <Filter>callback</Filter>
    </ClCompile>
    <ClCompile Include="gui\chatroom_form_ui.cpp">
      <Filter>gui</Filter>
    </ClCompile>
    <ClCompile Include="gui\chatroom_form_msg.cpp">
      <Filter>gui</Filter>
    </ClCompile>
    <ClCompile Include="gui\chatform_richedit.cpp">
      <Filter>gui</Filter>
    </ClCompile>
    <ClCompile Include="gui\chatroom_form_at.cpp">
      <Filter>gui</Filter>
    </ClCompile>
    <ClCompile Include="gui\chatroom_form_robot.cpp">
      <Filter>gui</Filter>
    </ClCompile>
  </ItemGroup>
</Project>