<?xml version="1.0" encoding="utf-8"?>
<Project ToolsVersion="4.0" xmlns="http://schemas.microsoft.com/developer/msbuild/2003">
  <ItemGroup>
    <Filter Include="源文件">
      <UniqueIdentifier>{4FC737F1-C7A5-4376-A066-2A32D752A2FF}</UniqueIdentifier>
      <Extensions>cpp;c;cc;cxx;def;odl;idl;hpj;bat;asm;asmx</Extensions>
    </Filter>
    <Filter Include="头文件">
      <UniqueIdentifier>{93995380-89BD-4b04-88EB-625FBE52EBFB}</UniqueIdentifier>
      <Extensions>h;hh;hpp;hxx;hm;inl;inc;xsd</Extensions>
    </Filter>
    <Filter Include="资源文件">
      <UniqueIdentifier>{67DA6AB6-F800-4c08-8B7A-83BB121AAD01}</UniqueIdentifier>
      <Extensions>rc;ico;cur;bmp;dlg;rc2;rct;bin;rgs;gif;jpg;jpeg;jpe;resx;tiff;tif;png;wav;mfcribbon-ms</Extensions>
    </Filter>
    <Filter Include="app">
      <UniqueIdentifier>{ef1f8486-3cab-40a4-8763-0ca7e4b5062d}</UniqueIdentifier>
    </Filter>
    <Filter Include="app\js_handler">
      <UniqueIdentifier>{f748efb3-1c91-44c9-bd38-cf6b46512a50}</UniqueIdentifier>
    </Filter>
    <Filter Include="control">
      <UniqueIdentifier>{e3f90882-0b68-43d0-be75-694e110dd7e0}</UniqueIdentifier>
    </Filter>
    <Filter Include="handler">
      <UniqueIdentifier>{4d0b9a87-4792-4055-bb32-940de98fbcc1}</UniqueIdentifier>
    </Filter>
    <Filter Include="manager">
      <UniqueIdentifier>{6d5bd737-b27b-4193-a039-6a98c241787b}</UniqueIdentifier>
    </Filter>
    <Filter Include="util">
      <UniqueIdentifier>{7fce0adf-acf1-452f-849f-cf50ad4e0a19}</UniqueIdentifier>
    </Filter>
    <Filter Include="js_bridge">
      <UniqueIdentifier>{95de60cb-af78-46a3-a594-9e34985ebbba}</UniqueIdentifier>
    </Filter>
  </ItemGroup>
  <ItemGroup>
    <Text Include="ReadMe.txt" />
  </ItemGroup>
  <ItemGroup>
    <ClInclude Include="stdafx.h">
      <Filter>头文件</Filter>
    </ClInclude>
    <ClInclude Include="targetver.h">
      <Filter>头文件</Filter>
    </ClInclude>
    <ClInclude Include="js_bridge\cef_js_bridge.h">
      <Filter>js_bridge</Filter>
    </ClInclude>
    <ClInclude Include="js_bridge\ipc_string_define.h">
      <Filter>js_bridge</Filter>
    </ClInclude>
    <ClInclude Include="app\js_handler\js_handler.h">
      <Filter>app\js_handler</Filter>
    </ClInclude>
    <ClInclude Include="app\client_app.h">
      <Filter>app</Filter>
    </ClInclude>
    <ClInclude Include="cef_control\cef_control.h">
      <Filter>control</Filter>
    </ClInclude>
    <ClInclude Include="cef_control\cef_control_event.h">
      <Filter>control</Filter>
    </ClInclude>
    <ClInclude Include="cef_control\cef_native_control.h">
      <Filter>control</Filter>
    </ClInclude>
    <ClInclude Include="handler\browser_handler.h">
      <Filter>handler</Filter>
    </ClInclude>
    <ClInclude Include="manager\cef_manager.h">
      <Filter>manager</Filter>
    </ClInclude>
    <ClInclude Include="util\memory_dc.h">
      <Filter>util</Filter>
    </ClInclude>
    <ClInclude Include="util\util.h">
      <Filter>util</Filter>
    </ClInclude>
  </ItemGroup>
  <ItemGroup>
    <ClCompile Include="stdafx.cpp">
      <Filter>源文件</Filter>
    </ClCompile>
    <ClCompile Include="js_bridge\cef_js_bridge.cpp">
      <Filter>js_bridge</Filter>
    </ClCompile>
    <ClCompile Include="app\js_handler\js_handler.cpp">
      <Filter>app\js_handler</Filter>
    </ClCompile>
    <ClCompile Include="app\client_app.cpp">
      <Filter>app</Filter>
    </ClCompile>
    <ClCompile Include="app\client_app_browser.cpp">
      <Filter>app</Filter>
    </ClCompile>
    <ClCompile Include="app\client_app_render.cpp">
      <Filter>app</Filter>
    </ClCompile>
    <ClCompile Include="cef_control\cef_control.cpp">
      <Filter>control</Filter>
    </ClCompile>
    <ClCompile Include="cef_control\cef_control_ui.cpp">
      <Filter>control</Filter>
    </ClCompile>
    <ClCompile Include="cef_control\cef_native_control.cpp">
      <Filter>control</Filter>
    </ClCompile>
    <ClCompile Include="cef_control\cef_native_control_ui.cpp">
      <Filter>control</Filter>
    </ClCompile>
    <ClCompile Include="handler\browser_handler.cpp">
      <Filter>handler</Filter>
    </ClCompile>
    <ClCompile Include="manager\cef_manager.cpp">
      <Filter>manager</Filter>
    </ClCompile>
    <ClCompile Include="util\memory_dc.cpp">
      <Filter>util</Filter>
    </ClCompile>
  </ItemGroup>
</Project>