<?xml version="1.0" encoding="utf-8"?>
<Project ToolsVersion="4.0" xmlns="http://schemas.microsoft.com/developer/msbuild/2003">
  <ItemGroup>
    <Filter Include="资源文件">
      <UniqueIdentifier>{67DA6AB6-F800-4c08-8B7A-83BB121AAD01}</UniqueIdentifier>
      <Extensions>rc;ico;cur;bmp;dlg;rc2;rct;bin;rgs;gif;jpg;jpeg;jpe;resx;tiff;tif;png;wav;mfcribbon-ms</Extensions>
    </Filter>
    <Filter Include="api">
      <UniqueIdentifier>{b8702752-58e3-4b7f-9038-eacf033782cb}</UniqueIdentifier>
    </Filter>
    <Filter Include="helper">
      <UniqueIdentifier>{e6f92ffc-2cff-49e3-b686-5f9eea838874}</UniqueIdentifier>
    </Filter>
    <Filter Include="public_define">
      <UniqueIdentifier>{e3b5993b-68e1-4a9e-884b-59b06b5793a5}</UniqueIdentifier>
    </Filter>
    <Filter Include="public_define\defines">
      <UniqueIdentifier>{f1bff74c-843d-4543-a0c7-8db4af1664fd}</UniqueIdentifier>
    </Filter>
    <Filter Include="public_define\defines\nim_define">
      <UniqueIdentifier>{f2c23097-92d6-4ccf-8032-c0ba5f256d65}</UniqueIdentifier>
    </Filter>
  </ItemGroup>
  <ItemGroup>
    <ClCompile Include="helper\nim_client_helper.cpp">
      <Filter>helper</Filter>
    </ClCompile>
    <ClCompile Include="api\nim_cpp_client.cpp">
      <Filter>api</Filter>
    </ClCompile>
    <ClCompile Include="api\nim_cpp_tool.cpp">
      <Filter>api</Filter>
    </ClCompile>
    <ClCompile Include="helper\nim_tool_helper.cpp">
      <Filter>helper</Filter>
    </ClCompile>
    <ClCompile Include="api\nim_cpp_global.cpp">
      <Filter>api</Filter>
    </ClCompile>
    <ClCompile Include="api\nim_cpp_msglog.cpp">
      <Filter>api</Filter>
    </ClCompile>
    <ClCompile Include="api\nim_cpp_session.cpp">
      <Filter>api</Filter>
    </ClCompile>
    <ClCompile Include="api\nim_cpp_sysmsg.cpp">
      <Filter>api</Filter>
    </ClCompile>
    <ClCompile Include="api\nim_cpp_data_sync.cpp">
      <Filter>api</Filter>
    </ClCompile>
    <ClCompile Include="api\nim_cpp_team.cpp">
      <Filter>api</Filter>
    </ClCompile>
    <ClCompile Include="helper\nim_team_helper.cpp">
      <Filter>helper</Filter>
    </ClCompile>
    <ClCompile Include="api\nim_cpp_talk.cpp">
      <Filter>api</Filter>
    </ClCompile>
    <ClCompile Include="helper\nim_talk_helper.cpp">
      <Filter>helper</Filter>
    </ClCompile>
    <ClCompile Include="helper\nim_sysmsg_helper.cpp">
      <Filter>helper</Filter>
    </ClCompile>
    <ClCompile Include="helper\nim_friend_helper.cpp">
      <Filter>helper</Filter>
    </ClCompile>
    <ClCompile Include="helper\nim_user_helper.cpp">
      <Filter>helper</Filter>
    </ClCompile>
    <ClCompile Include="helper\nim_msg_helper.cpp">
      <Filter>helper</Filter>
    </ClCompile>
    <ClCompile Include="api\nim_cpp_friend.cpp">
      <Filter>api</Filter>
    </ClCompile>
    <ClCompile Include="api\nim_cpp_user.cpp">
      <Filter>api</Filter>
    </ClCompile>
    <ClCompile Include="api\nim_cpp_nos.cpp">
      <Filter>api</Filter>
    </ClCompile>
    <ClCompile Include="api\nim_cpp_rts.cpp">
      <Filter>api</Filter>
    </ClCompile>
    <ClCompile Include="api\nim_cpp_vchat.cpp">
      <Filter>api</Filter>
    </ClCompile>
    <ClCompile Include="helper\nim_msglog_helper.cpp">
      <Filter>helper</Filter>
    </ClCompile>
    <ClCompile Include="helper\nim_session_helper.cpp">
      <Filter>helper</Filter>
    </ClCompile>
    <ClCompile Include="api\nim_cpp_plugin_in.cpp">
      <Filter>api</Filter>
    </ClCompile>
    <ClCompile Include="api\nim_cpp_doc_trans.cpp">
      <Filter>api</Filter>
    </ClCompile>
    <ClCompile Include="helper\nim_doc_trans_helper.cpp">
      <Filter>helper</Filter>
    </ClCompile>
    <ClCompile Include="helper\nim_nos_helper.cpp">
      <Filter>helper</Filter>
    </ClCompile>
    <ClCompile Include="helper\nim_subscribe_event_helper.cpp">
      <Filter>helper</Filter>
    </ClCompile>
    <ClCompile Include="api\nim_cpp_subscribe_event.cpp">
      <Filter>api</Filter>
    </ClCompile>
    <ClCompile Include="api\nim_cpp_robot.cpp">
      <Filter>api</Filter>
    </ClCompile>
    <ClCompile Include="helper\nim_robot_helper.cpp">
      <Filter>helper</Filter>
    </ClCompile>
    <ClCompile Include="api\nim_cpp_signaling.cpp">
      <Filter>api</Filter>
    </ClCompile>
    <ClCompile Include="api\nim_cpp_super_team.cpp">
      <Filter>api</Filter>
    </ClCompile>
    <ClCompile Include="helper\nim_signaling_helper.cpp">
      <Filter>helper</Filter>
    </ClCompile>
    <ClCompile Include="helper\nim_super_team_helper.cpp">
      <Filter>helper</Filter>
    </ClCompile>
    <ClCompile Include="helper\nim_sdk_loader_helper.cpp">
      <Filter>helper</Filter>
    </ClCompile>
    <ClCompile Include="api\nim_cpp_session_online_service.cpp">
      <Filter>api</Filter>
    </ClCompile>
    <ClCompile Include="helper\nim_session_online_service_helper.cpp">
      <Filter>helper</Filter>
    </ClCompile>
    <ClCompile Include="helper\nim_pass_through_proxy_helper.cpp">
      <Filter>helper</Filter>
    </ClCompile>
    <ClCompile Include="api\nim_cpp_pass_through_proxy.cpp">
      <Filter>api</Filter>
    </ClCompile>
  </ItemGroup>
  <ItemGroup>
    <ClInclude Include="helper\nim_client_helper.h">
      <Filter>helper</Filter>
    </ClInclude>
    <ClInclude Include="api\nim_cpp_client.h">
      <Filter>api</Filter>
    </ClInclude>
    <ClInclude Include="api\nim_cpp_tool.h">
      <Filter>api</Filter>
    </ClInclude>
    <ClInclude Include="helper\nim_tool_helper.h">
      <Filter>helper</Filter>
    </ClInclude>
    <ClInclude Include="api\nim_cpp_global.h">
      <Filter>api</Filter>
    </ClInclude>
    <ClInclude Include="api\nim_cpp_msglog.h">
      <Filter>api</Filter>
    </ClInclude>
    <ClInclude Include="api\nim_cpp_session.h">
      <Filter>api</Filter>
    </ClInclude>
    <ClInclude Include="api\nim_cpp_sysmsg.h">
      <Filter>api</Filter>
    </ClInclude>
    <ClInclude Include="api\nim_cpp_data_sync.h">
      <Filter>api</Filter>
    </ClInclude>
    <ClInclude Include="api\nim_cpp_team.h">
      <Filter>api</Filter>
    </ClInclude>
    <ClInclude Include="helper\nim_team_helper.h">
      <Filter>helper</Filter>
    </ClInclude>
    <ClInclude Include="api\nim_cpp_talk.h">
      <Filter>api</Filter>
    </ClInclude>
    <ClInclude Include="helper\nim_talk_helper.h">
      <Filter>helper</Filter>
    </ClInclude>
    <ClInclude Include="helper\nim_sysmsg_helper.h">
      <Filter>helper</Filter>
    </ClInclude>
    <ClInclude Include="helper\nim_friend_helper.h">
      <Filter>helper</Filter>
    </ClInclude>
    <ClInclude Include="helper\nim_user_helper.h">
      <Filter>helper</Filter>
    </ClInclude>
    <ClInclude Include="helper\nim_msg_helper.h">
      <Filter>helper</Filter>
    </ClInclude>
    <ClInclude Include="api\nim_cpp_friend.h">
      <Filter>api</Filter>
    </ClInclude>
    <ClInclude Include="api\nim_cpp_user.h">
      <Filter>api</Filter>
    </ClInclude>
    <ClInclude Include="api\nim_cpp_nos.h">
      <Filter>api</Filter>
    </ClInclude>
    <ClInclude Include="api\nim_cpp_rts.h">
      <Filter>api</Filter>
    </ClInclude>
    <ClInclude Include="api\nim_cpp_vchat.h">
      <Filter>api</Filter>
    </ClInclude>
    <ClInclude Include="helper\nim_msglog_helper.h">
      <Filter>helper</Filter>
    </ClInclude>
    <ClInclude Include="helper\nim_session_helper.h">
      <Filter>helper</Filter>
    </ClInclude>
    <ClInclude Include="api\nim_cpp_plugin_in.h">
      <Filter>api</Filter>
    </ClInclude>
    <ClInclude Include="api\nim_cpp_doc_trans.h">
      <Filter>api</Filter>
    </ClInclude>
    <ClInclude Include="helper\nim_doc_trans_helper.h">
      <Filter>helper</Filter>
    </ClInclude>
    <ClInclude Include="helper\nim_nos_helper.h">
      <Filter>helper</Filter>
    </ClInclude>
    <ClInclude Include="helper\nim_subscribe_event_helper.h">
      <Filter>helper</Filter>
    </ClInclude>
    <ClInclude Include="api\nim_cpp_subscribe_event.h">
      <Filter>api</Filter>
    </ClInclude>
    <ClInclude Include="api\nim_cpp_robot.h">
      <Filter>api</Filter>
    </ClInclude>
    <ClInclude Include="helper\nim_robot_helper.h">
      <Filter>helper</Filter>
    </ClInclude>
    <ClInclude Include="api\nim_cpp_signaling.h">
      <Filter>api</Filter>
    </ClInclude>
    <ClInclude Include="helper\nim_signaling_helper.h">
      <Filter>helper</Filter>
    </ClInclude>
    <ClInclude Include="api\nim_cpp_super_team.h">
      <Filter>api</Filter>
    </ClInclude>
    <ClInclude Include="helper\nim_super_team_helper.h">
      <Filter>helper</Filter>
    </ClInclude>
    <ClInclude Include="helper\nim_sdk_loader_helper.h">
      <Filter>helper</Filter>
    </ClInclude>
    <ClInclude Include="..\..\..\public_define\defines\nim_define\nim_client_def.h">
      <Filter>public_define\defines\nim_define</Filter>
    </ClInclude>
    <ClInclude Include="..\..\..\public_define\defines\nim_define\nim_data_sync_def.h">
      <Filter>public_define\defines\nim_define</Filter>
    </ClInclude>
    <ClInclude Include="..\..\..\public_define\defines\nim_define\nim_device_def.h">
      <Filter>public_define\defines\nim_define</Filter>
    </ClInclude>
    <ClInclude Include="..\..\..\public_define\defines\nim_define\nim_doc_trans_def.h">
      <Filter>public_define\defines\nim_define</Filter>
    </ClInclude>
    <ClInclude Include="..\..\..\public_define\defines\nim_define\nim_friend_def.h">
      <Filter>public_define\defines\nim_define</Filter>
    </ClInclude>
    <ClInclude Include="..\..\..\public_define\defines\nim_define\nim_global_def.h">
      <Filter>public_define\defines\nim_define</Filter>
    </ClInclude>
    <ClInclude Include="..\..\..\public_define\defines\nim_define\nim_msglog_def.h">
      <Filter>public_define\defines\nim_define</Filter>
    </ClInclude>
    <ClInclude Include="..\..\..\public_define\defines\nim_define\nim_nos_def.h">
      <Filter>public_define\defines\nim_define</Filter>
    </ClInclude>
    <ClInclude Include="..\..\..\public_define\defines\nim_define\nim_plugin_in_def.h">
      <Filter>public_define\defines\nim_define</Filter>
    </ClInclude>
    <ClInclude Include="..\..\..\public_define\defines\nim_define\nim_res_code_def.h">
      <Filter>public_define\defines\nim_define</Filter>
    </ClInclude>
    <ClInclude Include="..\..\..\public_define\defines\nim_define\nim_robot_def.h">
      <Filter>public_define\defines\nim_define</Filter>
    </ClInclude>
    <ClInclude Include="..\..\..\public_define\defines\nim_define\nim_rts_def.h">
      <Filter>public_define\defines\nim_define</Filter>
    </ClInclude>
    <ClInclude Include="..\..\..\public_define\defines\nim_define\nim_session_def.h">
      <Filter>public_define\defines\nim_define</Filter>
    </ClInclude>
    <ClInclude Include="..\..\..\public_define\defines\nim_define\nim_signaling_def.h">
      <Filter>public_define\defines\nim_define</Filter>
    </ClInclude>
    <ClInclude Include="..\..\..\public_define\defines\nim_define\nim_subscribe_event_def.h">
      <Filter>public_define\defines\nim_define</Filter>
    </ClInclude>
    <ClInclude Include="..\..\..\public_define\defines\nim_define\nim_super_team_def.h">
      <Filter>public_define\defines\nim_define</Filter>
    </ClInclude>
    <ClInclude Include="..\..\..\public_define\defines\nim_define\nim_sysmsg_def.h">
      <Filter>public_define\defines\nim_define</Filter>
    </ClInclude>
    <ClInclude Include="..\..\..\public_define\defines\nim_define\nim_talk_def.h">
      <Filter>public_define\defines\nim_define</Filter>
    </ClInclude>
    <ClInclude Include="..\..\..\public_define\defines\nim_define\nim_team_def.h">
      <Filter>public_define\defines\nim_define</Filter>
    </ClInclude>
    <ClInclude Include="..\..\..\public_define\defines\nim_define\nim_tools_def.h">
      <Filter>public_define\defines\nim_define</Filter>
    </ClInclude>
    <ClInclude Include="..\..\..\public_define\defines\nim_define\nim_user_def.h">
      <Filter>public_define\defines\nim_define</Filter>
    </ClInclude>
    <ClInclude Include="..\..\..\public_define\defines\nim_define\nim_vchat_def.h">
      <Filter>public_define\defines\nim_define</Filter>
    </ClInclude>
    <ClInclude Include="nim_sdk_cpp_wrapper_dll.h" />
    <ClInclude Include="api\nim_cpp_session_online_service.h">
      <Filter>api</Filter>
    </ClInclude>
    <ClInclude Include="helper\nim_session_online_service_helper.h">
      <Filter>helper</Filter>
    </ClInclude>
    <ClInclude Include="..\..\..\public_define\defines\nim_define\nim_pass_through_proxy_def.h">
      <Filter>public_define\defines\nim_define</Filter>
    </ClInclude>
    <ClInclude Include="helper\nim_pass_through_proxy_helper.h">
      <Filter>helper</Filter>
    </ClInclude>
    <ClInclude Include="api\nim_cpp_pass_through_proxy.h">
      <Filter>api</Filter>
    </ClInclude>
  </ItemGroup>
</Project>